
Microsoft Visual Studio Solution File, Format Version 12.00
# Visual Studio Version 17
VisualStudioVersion = 17.2.32616.157
MinimumVisualStudioVersion = 10.0.40219.1
Project("{FAE04EC0-301F-11D3-BF4B-00C04F79EFBC}") = "LineComparisonProblem", "LineComparisonProblem.csproj", "{9BF42D1A-F4B8-462E-B4D0-C7E1AAF646E1}"
EndProject
Global
	GlobalSection(SolutionConfigurationPlatforms) = preSolution
		Debug|Any CPU = Debug|Any CPU
		Release|Any CPU = Release|Any CPU
	EndGlobalSection
	GlobalSection(ProjectConfigurationPlatforms) = postSolution
		{9BF42D1A-F4B8-462E-B4D0-C7E1AAF646E1}.Debug|Any CPU.ActiveCfg = Debug|Any CPU
		{9BF42D1A-F4B8-462E-B4D0-C7E1AAF646E1}.Debug|Any CPU.Build.0 = Debug|Any CPU
		{9BF42D1A-F4B8-462E-B4D0-C7E1AAF646E1}.Release|Any CPU.ActiveCfg = Release|Any CPU
		{9BF42D1A-F4B8-462E-B4D0-C7E1AAF646E1}.Release|Any CPU.Build.0 = Release|Any CPU
	EndGlobalSection
	GlobalSection(SolutionProperties) = preSolution
		HideSolutionNode = FALSE
	EndGlobalSection
	GlobalSection(ExtensibilityGlobals) = postSolution
		SolutionGuid = {46193B7E-3993-480B-A9CA-F6232E4A66BB}
	EndGlobalSection
EndGlobal
